
Microsoft Visual Studio Solution File, Format Version 12.00
# Visual Studio 15
VisualStudioVersion = 15.0.28010.2026
MinimumVisualStudioVersion = 10.0.40219.1
Project("{FAE04EC0-301F-11D3-BF4B-00C04F79EFBC}") = "前端基础", "前端基础\前端基础.csproj", "{68E94E39-9F69-4C93-9BDB-AD71C8C83B9D}"
EndProject
Global
	GlobalSection(SolutionConfigurationPlatforms) = preSolution
		Debug|Any CPU = Debug|Any CPU
		Release|Any CPU = Release|Any CPU
	EndGlobalSection
	GlobalSection(ProjectConfigurationPlatforms) = postSolution
		{68E94E39-9F69-4C93-9BDB-AD71C8C83B9D}.Debug|Any CPU.ActiveCfg = Debug|Any CPU
		{68E94E39-9F69-4C93-9BDB-AD71C8C83B9D}.Debug|Any CPU.Build.0 = Debug|Any CPU
		{68E94E39-9F69-4C93-9BDB-AD71C8C83B9D}.Release|Any CPU.ActiveCfg = Release|Any CPU
		{68E94E39-9F69-4C93-9BDB-AD71C8C83B9D}.Release|Any CPU.Build.0 = Release|Any CPU
	EndGlobalSection
	GlobalSection(SolutionProperties) = preSolution
		HideSolutionNode = FALSE
	EndGlobalSection
	GlobalSection(ExtensibilityGlobals) = postSolution
		SolutionGuid = {5AE3B205-7733-4B17-B712-5A96977C6697}
	EndGlobalSection
EndGlobal
